
Microsoft Visual Studio Solution File, Format Version 12.00
# Visual Studio Version 17
VisualStudioVersion = 17.8.34408.163
MinimumVisualStudioVersion = 10.0.40219.1
Project("{FAE04EC0-301F-11D3-BF4B-00C04F79EFBC}") = "Test", "Test.csproj", "{40DF1840-3346-415A-AC27-2979D50613D5}"
EndProject
Global
	GlobalSection(SolutionConfigurationPlatforms) = preSolution
		Debug|Any CPU = Debug|Any CPU
		Release|Any CPU = Release|Any CPU
	EndGlobalSection
	GlobalSection(ProjectConfigurationPlatforms) = postSolution
		{40DF1840-3346-415A-AC27-2979D50613D5}.Debug|Any CPU.ActiveCfg = Debug|Any CPU
		{40DF1840-3346-415A-AC27-2979D50613D5}.Debug|Any CPU.Build.0 = Debug|Any CPU
		{40DF1840-3346-415A-AC27-2979D50613D5}.Release|Any CPU.ActiveCfg = Release|Any CPU
		{40DF1840-3346-415A-AC27-2979D50613D5}.Release|Any CPU.Build.0 = Release|Any CPU
	EndGlobalSection
	GlobalSection(SolutionProperties) = preSolution
		HideSolutionNode = FALSE
	EndGlobalSection
	GlobalSection(ExtensibilityGlobals) = postSolution
		SolutionGuid = {A59FA016-594B-4B1C-B701-0D87A275743E}
	EndGlobalSection
EndGlobal
